
Microsoft Visual Studio Solution File, Format Version 12.00
# Visual Studio 2013
VisualStudioVersion = 12.0.30723.0
MinimumVisualStudioVersion = 10.0.40219.1
Project("{FAE04EC0-301F-11D3-BF4B-00C04F79EFBC}") = "BlurRenderer", "BlurRenderer\BlurRenderer\BlurRenderer.csproj", "{9CD7BE78-774F-45AB-A4F6-5847E14F8CC1}"
EndProject
Project("{FAE04EC0-301F-11D3-BF4B-00C04F79EFBC}") = "BlurRenderer.iOS", "BlurRenderer\BlurRenderer.iOS\BlurRenderer.iOS.csproj", "{D38794BE-D473-4844-8793-582DFC67E4A8}"
EndProject
Project("{FAE04EC0-301F-11D3-BF4B-00C04F79EFBC}") = "BlurRenderer.Android", "BlurRenderer\BlurRenderer.Android\BlurRenderer.Android.csproj", "{C7973E16-8DEC-43EA-815B-59D47DCDCCE1}"
EndProject
Project("{FAE04EC0-301F-11D3-BF4B-00C04F79EFBC}") = "BlurRenderer.WinPhone", "BlurRenderer\BlurRenderer.WinPhone\BlurRenderer.WinPhone.csproj", "{F2F2B3E2-34B2-4BF2-8FF4-7E1E9AE0B734}"
EndProject
Project("{2150E333-8FDC-42A3-9474-1A3956D46DE8}") = ".nuget", ".nuget", "{D33D650A-C6FB-4DD2-84D5-4B24E4DAD92F}"
	ProjectSection(SolutionItems) = preProject
		.nuget\NuGet.Config = .nuget\NuGet.Config
		.nuget\NuGet.exe = .nuget\NuGet.exe
		.nuget\NuGet.targets = .nuget\NuGet.targets
	EndProjectSection
EndProject
Global
	GlobalSection(SolutionConfigurationPlatforms) = preSolution
		Ad-Hoc|Any CPU = Ad-Hoc|Any CPU
		Ad-Hoc|ARM = Ad-Hoc|ARM
		Ad-Hoc|iPhone = Ad-Hoc|iPhone
		Ad-Hoc|iPhoneSimulator = Ad-Hoc|iPhoneSimulator
		Ad-Hoc|Mixed Platforms = Ad-Hoc|Mixed Platforms
		Ad-Hoc|x86 = Ad-Hoc|x86
		AppStore|Any CPU = AppStore|Any CPU
		AppStore|ARM = AppStore|ARM
		AppStore|iPhone = AppStore|iPhone
		AppStore|iPhoneSimulator = AppStore|iPhoneSimulator
		AppStore|Mixed Platforms = AppStore|Mixed Platforms
		AppStore|x86 = AppStore|x86
		Debug|Any CPU = Debug|Any CPU
		Debug|ARM = Debug|ARM
		Debug|iPhone = Debug|iPhone
		Debug|iPhoneSimulator = Debug|iPhoneSimulator
		Debug|Mixed Platforms = Debug|Mixed Platforms
		Debug|x86 = Debug|x86
		Release|Any CPU = Release|Any CPU
		Release|ARM = Release|ARM
		Release|iPhone = Release|iPhone
		Release|iPhoneSimulator = Release|iPhoneSimulator
		Release|Mixed Platforms = Release|Mixed Platforms
		Release|x86 = Release|x86
	EndGlobalSection
	GlobalSection(ProjectConfigurationPlatforms) = postSolution
		{9CD7BE78-774F-45AB-A4F6-5847E14F8CC1}.Ad-Hoc|Any CPU.ActiveCfg = Release|Any CPU
		{9CD7BE78-774F-45AB-A4F6-5847E14F8CC1}.Ad-Hoc|Any CPU.Build.0 = Release|Any CPU
		{9CD7BE78-774F-45AB-A4F6-5847E14F8CC1}.Ad-Hoc|ARM.ActiveCfg = Release|Any CPU
		{9CD7BE78-774F-45AB-A4F6-5847E14F8CC1}.Ad-Hoc|iPhone.ActiveCfg = Release|Any CPU
		{9CD7BE78-774F-45AB-A4F6-5847E14F8CC1}.Ad-Hoc|iPhoneSimulator.ActiveCfg = Release|Any CPU
		{9CD7BE78-774F-45AB-A4F6-5847E14F8CC1}.Ad-Hoc|Mixed Platforms.ActiveCfg = Release|Any CPU
		{9CD7BE78-774F-45AB-A4F6-5847E14F8CC1}.Ad-Hoc|Mixed Platforms.Build.0 = Release|Any CPU
		{9CD7BE78-774F-45AB-A4F6-5847E14F8CC1}.Ad-Hoc|x86.ActiveCfg = Release|Any CPU
		{9CD7BE78-774F-45AB-A4F6-5847E14F8CC1}.AppStore|Any CPU.ActiveCfg = Release|Any CPU
		{9CD7BE78-774F-45AB-A4F6-5847E14F8CC1}.AppStore|Any CPU.Build.0 = Release|Any CPU
		{9CD7BE78-774F-45AB-A4F6-5847E14F8CC1}.AppStore|ARM.ActiveCfg = Release|Any CPU
		{9CD7BE78-774F-45AB-A4F6-5847E14F8CC1}.AppStore|iPhone.ActiveCfg = Release|Any CPU
		{9CD7BE78-774F-45AB-A4F6-5847E14F8CC1}.AppStore|iPhoneSimulator.ActiveCfg = Release|Any CPU
		{9CD7BE78-774F-45AB-A4F6-5847E14F8CC1}.AppStore|Mixed Platforms.ActiveCfg = Release|Any CPU
		{9CD7BE78-774F-45AB-A4F6-5847E14F8CC1}.AppStore|Mixed Platforms.Build.0 = Release|Any CPU
		{9CD7BE78-774F-45AB-A4F6-5847E14F8CC1}.AppStore|x86.ActiveCfg = Release|Any CPU
		{9CD7BE78-774F-45AB-A4F6-5847E14F8CC1}.Debug|Any CPU.ActiveCfg = Debug|Any CPU
		{9CD7BE78-774F-45AB-A4F6-5847E14F8CC1}.Debug|Any CPU.Build.0 = Debug|Any CPU
		{9CD7BE78-774F-45AB-A4F6-5847E14F8CC1}.Debug|ARM.ActiveCfg = Debug|Any CPU
		{9CD7BE78-774F-45AB-A4F6-5847E14F8CC1}.Debug|iPhone.ActiveCfg = Debug|Any CPU
		{9CD7BE78-774F-45AB-A4F6-5847E14F8CC1}.Debug|iPhone.Build.0 = Debug|Any CPU
		{9CD7BE78-774F-45AB-A4F6-5847E14F8CC1}.Debug|iPhoneSimulator.ActiveCfg = Debug|Any CPU
		{9CD7BE78-774F-45AB-A4F6-5847E14F8CC1}.Debug|Mixed Platforms.ActiveCfg = Debug|Any CPU
		{9CD7BE78-774F-45AB-A4F6-5847E14F8CC1}.Debug|Mixed Platforms.Build.0 = Debug|Any CPU
		{9CD7BE78-774F-45AB-A4F6-5847E14F8CC1}.Debug|x86.ActiveCfg = Debug|Any CPU
		{9CD7BE78-774F-45AB-A4F6-5847E14F8CC1}.Release|Any CPU.ActiveCfg = Release|Any CPU
		{9CD7BE78-774F-45AB-A4F6-5847E14F8CC1}.Release|Any CPU.Build.0 = Release|Any CPU
		{9CD7BE78-774F-45AB-A4F6-5847E14F8CC1}.Release|ARM.ActiveCfg = Release|Any CPU
		{9CD7BE78-774F-45AB-A4F6-5847E14F8CC1}.Release|iPhone.ActiveCfg = Release|Any CPU
		{9CD7BE78-774F-45AB-A4F6-5847E14F8CC1}.Release|iPhoneSimulator.ActiveCfg = Release|Any CPU
		{9CD7BE78-774F-45AB-A4F6-5847E14F8CC1}.Release|Mixed Platforms.ActiveCfg = Release|Any CPU
		{9CD7BE78-774F-45AB-A4F6-5847E14F8CC1}.Release|Mixed Platforms.Build.0 = Release|Any CPU
		{9CD7BE78-774F-45AB-A4F6-5847E14F8CC1}.Release|x86.ActiveCfg = Release|Any CPU
		{D38794BE-D473-4844-8793-582DFC67E4A8}.Ad-Hoc|Any CPU.ActiveCfg = Ad-Hoc|iPhone
		{D38794BE-D473-4844-8793-582DFC67E4A8}.Ad-Hoc|ARM.ActiveCfg = Ad-Hoc|iPhone
		{D38794BE-D473-4844-8793-582DFC67E4A8}.Ad-Hoc|iPhone.ActiveCfg = Ad-Hoc|iPhone
		{D38794BE-D473-4844-8793-582DFC67E4A8}.Ad-Hoc|iPhone.Build.0 = Ad-Hoc|iPhone
		{D38794BE-D473-4844-8793-582DFC67E4A8}.Ad-Hoc|iPhoneSimulator.ActiveCfg = Ad-Hoc|iPhoneSimulator
		{D38794BE-D473-4844-8793-582DFC67E4A8}.Ad-Hoc|iPhoneSimulator.Build.0 = Ad-Hoc|iPhoneSimulator
		{D38794BE-D473-4844-8793-582DFC67E4A8}.Ad-Hoc|Mixed Platforms.ActiveCfg = Ad-Hoc|iPhone
		{D38794BE-D473-4844-8793-582DFC67E4A8}.Ad-Hoc|Mixed Platforms.Build.0 = Ad-Hoc|iPhone
		{D38794BE-D473-4844-8793-582DFC67E4A8}.Ad-Hoc|x86.ActiveCfg = Ad-Hoc|iPhone
		{D38794BE-D473-4844-8793-582DFC67E4A8}.AppStore|Any CPU.ActiveCfg = AppStore|iPhone
		{D38794BE-D473-4844-8793-582DFC67E4A8}.AppStore|ARM.ActiveCfg = AppStore|iPhone
		{D38794BE-D473-4844-8793-582DFC67E4A8}.AppStore|iPhone.ActiveCfg = AppStore|iPhone
		{D38794BE-D473-4844-8793-582DFC67E4A8}.AppStore|iPhone.Build.0 = AppStore|iPhone
		{D38794BE-D473-4844-8793-582DFC67E4A8}.AppStore|iPhoneSimulator.ActiveCfg = AppStore|iPhoneSimulator
		{D38794BE-D473-4844-8793-582DFC67E4A8}.AppStore|iPhoneSimulator.Build.0 = AppStore|iPhoneSimulator
		{D38794BE-D473-4844-8793-582DFC67E4A8}.AppStore|Mixed Platforms.ActiveCfg = AppStore|iPhone
		{D38794BE-D473-4844-8793-582DFC67E4A8}.AppStore|Mixed Platforms.Build.0 = AppStore|iPhone
		{D38794BE-D473-4844-8793-582DFC67E4A8}.AppStore|x86.ActiveCfg = AppStore|iPhone
		{D38794BE-D473-4844-8793-582DFC67E4A8}.Debug|Any CPU.ActiveCfg = Debug|iPhone
		{D38794BE-D473-4844-8793-582DFC67E4A8}.Debug|ARM.ActiveCfg = Debug|iPhone
		{D38794BE-D473-4844-8793-582DFC67E4A8}.Debug|iPhone.ActiveCfg = Debug|iPhone
		{D38794BE-D473-4844-8793-582DFC67E4A8}.Debug|iPhone.Build.0 = Debug|iPhone
		{D38794BE-D473-4844-8793-582DFC67E4A8}.Debug|iPhoneSimulator.ActiveCfg = Debug|iPhoneSimulator
		{D38794BE-D473-4844-8793-582DFC67E4A8}.Debug|iPhoneSimulator.Build.0 = Debug|iPhoneSimulator
		{D38794BE-D473-4844-8793-582DFC67E4A8}.Debug|Mixed Platforms.ActiveCfg = Debug|iPhone
		{D38794BE-D473-4844-8793-582DFC67E4A8}.Debug|Mixed Platforms.Build.0 = Debug|iPhone
		{D38794BE-D473-4844-8793-582DFC67E4A8}.Debug|x86.ActiveCfg = Debug|iPhone
		{D38794BE-D473-4844-8793-582DFC67E4A8}.Release|Any CPU.ActiveCfg = Release|iPhone
		{D38794BE-D473-4844-8793-582DFC67E4A8}.Release|ARM.ActiveCfg = Release|iPhone
		{D38794BE-D473-4844-8793-582DFC67E4A8}.Release|iPhone.ActiveCfg = Release|iPhone
		{D38794BE-D473-4844-8793-582DFC67E4A8}.Release|iPhone.Build.0 = Release|iPhone
		{D38794BE-D473-4844-8793-582DFC67E4A8}.Release|iPhoneSimulator.ActiveCfg = Release|iPhoneSimulator
		{D38794BE-D473-4844-8793-582DFC67E4A8}.Release|iPhoneSimulator.Build.0 = Release|iPhoneSimulator
		{D38794BE-D473-4844-8793-582DFC67E4A8}.Release|Mixed Platforms.ActiveCfg = Release|iPhone
		{D38794BE-D473-4844-8793-582DFC67E4A8}.Release|Mixed Platforms.Build.0 = Release|iPhone
		{D38794BE-D473-4844-8793-582DFC67E4A8}.Release|x86.ActiveCfg = Release|iPhone
		{C7973E16-8DEC-43EA-815B-59D47DCDCCE1}.Ad-Hoc|Any CPU.ActiveCfg = Release|Any CPU
		{C7973E16-8DEC-43EA-815B-59D47DCDCCE1}.Ad-Hoc|Any CPU.Build.0 = Release|Any CPU
		{C7973E16-8DEC-43EA-815B-59D47DCDCCE1}.Ad-Hoc|Any CPU.Deploy.0 = Release|Any CPU
		{C7973E16-8DEC-43EA-815B-59D47DCDCCE1}.Ad-Hoc|ARM.ActiveCfg = Release|Any CPU
		{C7973E16-8DEC-43EA-815B-59D47DCDCCE1}.Ad-Hoc|iPhone.ActiveCfg = Release|Any CPU
		{C7973E16-8DEC-43EA-815B-59D47DCDCCE1}.Ad-Hoc|iPhoneSimulator.ActiveCfg = Release|Any CPU
		{C7973E16-8DEC-43EA-815B-59D47DCDCCE1}.Ad-Hoc|Mixed Platforms.ActiveCfg = Release|Any CPU
		{C7973E16-8DEC-43EA-815B-59D47DCDCCE1}.Ad-Hoc|Mixed Platforms.Build.0 = Release|Any CPU
		{C7973E16-8DEC-43EA-815B-59D47DCDCCE1}.Ad-Hoc|Mixed Platforms.Deploy.0 = Release|Any CPU
		{C7973E16-8DEC-43EA-815B-59D47DCDCCE1}.Ad-Hoc|x86.ActiveCfg = Release|Any CPU
		{C7973E16-8DEC-43EA-815B-59D47DCDCCE1}.AppStore|Any CPU.ActiveCfg = Release|Any CPU
		{C7973E16-8DEC-43EA-815B-59D47DCDCCE1}.AppStore|Any CPU.Build.0 = Release|Any CPU
		{C7973E16-8DEC-43EA-815B-59D47DCDCCE1}.AppStore|Any CPU.Deploy.0 = Release|Any CPU
		{C7973E16-8DEC-43EA-815B-59D47DCDCCE1}.AppStore|ARM.ActiveCfg = Release|Any CPU
		{C7973E16-8DEC-43EA-815B-59D47DCDCCE1}.AppStore|iPhone.ActiveCfg = Release|Any CPU
		{C7973E16-8DEC-43EA-815B-59D47DCDCCE1}.AppStore|iPhoneSimulator.ActiveCfg = Release|Any CPU
		{C7973E16-8DEC-43EA-815B-59D47DCDCCE1}.AppStore|Mixed Platforms.ActiveCfg = Release|Any CPU
		{C7973E16-8DEC-43EA-815B-59D47DCDCCE1}.AppStore|Mixed Platforms.Build.0 = Release|Any CPU
		{C7973E16-8DEC-43EA-815B-59D47DCDCCE1}.AppStore|Mixed Platforms.Deploy.0 = Release|Any CPU
		{C7973E16-8DEC-43EA-815B-59D47DCDCCE1}.AppStore|x86.ActiveCfg = Release|Any CPU
		{C7973E16-8DEC-43EA-815B-59D47DCDCCE1}.Debug|Any CPU.ActiveCfg = Debug|Any CPU
		{C7973E16-8DEC-43EA-815B-59D47DCDCCE1}.Debug|Any CPU.Build.0 = Debug|Any CPU
		{C7973E16-8DEC-43EA-815B-59D47DCDCCE1}.Debug|Any CPU.Deploy.0 = Debug|Any CPU
		{C7973E16-8DEC-43EA-815B-59D47DCDCCE1}.Debug|ARM.ActiveCfg = Debug|Any CPU
		{C7973E16-8DEC-43EA-815B-59D47DCDCCE1}.Debug|iPhone.ActiveCfg = Debug|Any CPU
		{C7973E16-8DEC-43EA-815B-59D47DCDCCE1}.Debug|iPhoneSimulator.ActiveCfg = Debug|Any CPU
		{C7973E16-8DEC-43EA-815B-59D47DCDCCE1}.Debug|Mixed Platforms.ActiveCfg = Debug|Any CPU
		{C7973E16-8DEC-43EA-815B-59D47DCDCCE1}.Debug|Mixed Platforms.Build.0 = Debug|Any CPU
		{C7973E16-8DEC-43EA-815B-59D47DCDCCE1}.Debug|Mixed Platforms.Deploy.0 = Debug|Any CPU
		{C7973E16-8DEC-43EA-815B-59D47DCDCCE1}.Debug|x86.ActiveCfg = Debug|Any CPU
		{C7973E16-8DEC-43EA-815B-59D47DCDCCE1}.Release|Any CPU.ActiveCfg = Release|Any CPU
		{C7973E16-8DEC-43EA-815B-59D47DCDCCE1}.Release|Any CPU.Build.0 = Release|Any CPU
		{C7973E16-8DEC-43EA-815B-59D47DCDCCE1}.Release|Any CPU.Deploy.0 = Release|Any CPU
		{C7973E16-8DEC-43EA-815B-59D47DCDCCE1}.Release|ARM.ActiveCfg = Release|Any CPU
		{C7973E16-8DEC-43EA-815B-59D47DCDCCE1}.Release|iPhone.ActiveCfg = Release|Any CPU
		{C7973E16-8DEC-43EA-815B-59D47DCDCCE1}.Release|iPhoneSimulator.ActiveCfg = Release|Any CPU
		{C7973E16-8DEC-43EA-815B-59D47DCDCCE1}.Release|Mixed Platforms.ActiveCfg = Release|Any CPU
		{C7973E16-8DEC-43EA-815B-59D47DCDCCE1}.Release|Mixed Platforms.Build.0 = Release|Any CPU
		{C7973E16-8DEC-43EA-815B-59D47DCDCCE1}.Release|Mixed Platforms.Deploy.0 = Release|Any CPU
		{C7973E16-8DEC-43EA-815B-59D47DCDCCE1}.Release|x86.ActiveCfg = Release|Any CPU
		{F2F2B3E2-34B2-4BF2-8FF4-7E1E9AE0B734}.Ad-Hoc|Any CPU.ActiveCfg = Release|Any CPU
		{F2F2B3E2-34B2-4BF2-8FF4-7E1E9AE0B734}.Ad-Hoc|Any CPU.Build.0 = Release|Any CPU
		{F2F2B3E2-34B2-4BF2-8FF4-7E1E9AE0B734}.Ad-Hoc|Any CPU.Deploy.0 = Release|Any CPU
		{F2F2B3E2-34B2-4BF2-8FF4-7E1E9AE0B734}.Ad-Hoc|ARM.ActiveCfg = Release|ARM
		{F2F2B3E2-34B2-4BF2-8FF4-7E1E9AE0B734}.Ad-Hoc|ARM.Build.0 = Release|ARM
		{F2F2B3E2-34B2-4BF2-8FF4-7E1E9AE0B734}.Ad-Hoc|ARM.Deploy.0 = Release|ARM
		{F2F2B3E2-34B2-4BF2-8FF4-7E1E9AE0B734}.Ad-Hoc|iPhone.ActiveCfg = Release|Any CPU
		{F2F2B3E2-34B2-4BF2-8FF4-7E1E9AE0B734}.Ad-Hoc|iPhoneSimulator.ActiveCfg = Release|Any CPU
		{F2F2B3E2-34B2-4BF2-8FF4-7E1E9AE0B734}.Ad-Hoc|Mixed Platforms.ActiveCfg = Release|x86
		{F2F2B3E2-34B2-4BF2-8FF4-7E1E9AE0B734}.Ad-Hoc|Mixed Platforms.Build.0 = Release|x86
		{F2F2B3E2-34B2-4BF2-8FF4-7E1E9AE0B734}.Ad-Hoc|Mixed Platforms.Deploy.0 = Release|x86
		{F2F2B3E2-34B2-4BF2-8FF4-7E1E9AE0B734}.Ad-Hoc|x86.ActiveCfg = Release|x86
		{F2F2B3E2-34B2-4BF2-8FF4-7E1E9AE0B734}.Ad-Hoc|x86.Build.0 = Release|x86
		{F2F2B3E2-34B2-4BF2-8FF4-7E1E9AE0B734}.Ad-Hoc|x86.Deploy.0 = Release|x86
		{F2F2B3E2-34B2-4BF2-8FF4-7E1E9AE0B734}.AppStore|Any CPU.ActiveCfg = Release|Any CPU
		{F2F2B3E2-34B2-4BF2-8FF4-7E1E9AE0B734}.AppStore|Any CPU.Build.0 = Release|Any CPU
		{F2F2B3E2-34B2-4BF2-8FF4-7E1E9AE0B734}.AppStore|Any CPU.Deploy.0 = Release|Any CPU
		{F2F2B3E2-34B2-4BF2-8FF4-7E1E9AE0B734}.AppStore|ARM.ActiveCfg = Release|ARM
		{F2F2B3E2-34B2-4BF2-8FF4-7E1E9AE0B734}.AppStore|ARM.Build.0 = Release|ARM
		{F2F2B3E2-34B2-4BF2-8FF4-7E1E9AE0B734}.AppStore|ARM.Deploy.0 = Release|ARM
		{F2F2B3E2-34B2-4BF2-8FF4-7E1E9AE0B734}.AppStore|iPhone.ActiveCfg = Release|Any CPU
		{F2F2B3E2-34B2-4BF2-8FF4-7E1E9AE0B734}.AppStore|iPhoneSimulator.ActiveCfg = Release|Any CPU
		{F2F2B3E2-34B2-4BF2-8FF4-7E1E9AE0B734}.AppStore|Mixed Platforms.ActiveCfg = Release|x86
		{F2F2B3E2-34B2-4BF2-8FF4-7E1E9AE0B734}.AppStore|Mixed Platforms.Build.0 = Release|x86
		{F2F2B3E2-34B2-4BF2-8FF4-7E1E9AE0B734}.AppStore|Mixed Platforms.Deploy.0 = Release|x86
		{F2F2B3E2-34B2-4BF2-8FF4-7E1E9AE0B734}.AppStore|x86.ActiveCfg = Release|x86
		{F2F2B3E2-34B2-4BF2-8FF4-7E1E9AE0B734}.AppStore|x86.Build.0 = Release|x86
		{F2F2B3E2-34B2-4BF2-8FF4-7E1E9AE0B734}.AppStore|x86.Deploy.0 = Release|x86
		{F2F2B3E2-34B2-4BF2-8FF4-7E1E9AE0B734}.Debug|Any CPU.ActiveCfg = Debug|Any CPU
		{F2F2B3E2-34B2-4BF2-8FF4-7E1E9AE0B734}.Debug|Any CPU.Build.0 = Debug|Any CPU
		{F2F2B3E2-34B2-4BF2-8FF4-7E1E9AE0B734}.Debug|Any CPU.Deploy.0 = Debug|Any CPU
		{F2F2B3E2-34B2-4BF2-8FF4-7E1E9AE0B734}.Debug|ARM.ActiveCfg = Debug|ARM
		{F2F2B3E2-34B2-4BF2-8FF4-7E1E9AE0B734}.Debug|ARM.Build.0 = Debug|ARM
		{F2F2B3E2-34B2-4BF2-8FF4-7E1E9AE0B734}.Debug|ARM.Deploy.0 = Debug|ARM
		{F2F2B3E2-34B2-4BF2-8FF4-7E1E9AE0B734}.Debug|iPhone.ActiveCfg = Debug|Any CPU
		{F2F2B3E2-34B2-4BF2-8FF4-7E1E9AE0B734}.Debug|iPhoneSimulator.ActiveCfg = Debug|Any CPU
		{F2F2B3E2-34B2-4BF2-8FF4-7E1E9AE0B734}.Debug|Mixed Platforms.ActiveCfg = Debug|x86
		{F2F2B3E2-34B2-4BF2-8FF4-7E1E9AE0B734}.Debug|Mixed Platforms.Build.0 = Debug|x86
		{F2F2B3E2-34B2-4BF2-8FF4-7E1E9AE0B734}.Debug|Mixed Platforms.Deploy.0 = Debug|x86
		{F2F2B3E2-34B2-4BF2-8FF4-7E1E9AE0B734}.Debug|x86.ActiveCfg = Debug|x86
		{F2F2B3E2-34B2-4BF2-8FF4-7E1E9AE0B734}.Debug|x86.Build.0 = Debug|x86
		{F2F2B3E2-34B2-4BF2-8FF4-7E1E9AE0B734}.Debug|x86.Deploy.0 = Debug|x86
		{F2F2B3E2-34B2-4BF2-8FF4-7E1E9AE0B734}.Release|Any CPU.ActiveCfg = Release|Any CPU
		{F2F2B3E2-34B2-4BF2-8FF4-7E1E9AE0B734}.Release|Any CPU.Build.0 = Release|Any CPU
		{F2F2B3E2-34B2-4BF2-8FF4-7E1E9AE0B734}.Release|Any CPU.Deploy.0 = Release|Any CPU
		{F2F2B3E2-34B2-4BF2-8FF4-7E1E9AE0B734}.Release|ARM.ActiveCfg = Release|ARM
		{F2F2B3E2-34B2-4BF2-8FF4-7E1E9AE0B734}.Release|ARM.Build.0 = Release|ARM
		{F2F2B3E2-34B2-4BF2-8FF4-7E1E9AE0B734}.Release|ARM.Deploy.0 = Release|ARM
		{F2F2B3E2-34B2-4BF2-8FF4-7E1E9AE0B734}.Release|iPhone.ActiveCfg = Release|Any CPU
		{F2F2B3E2-34B2-4BF2-8FF4-7E1E9AE0B734}.Release|iPhoneSimulator.ActiveCfg = Release|Any CPU
		{F2F2B3E2-34B2-4BF2-8FF4-7E1E9AE0B734}.Release|Mixed Platforms.ActiveCfg = Release|x86
		{F2F2B3E2-34B2-4BF2-8FF4-7E1E9AE0B734}.Release|Mixed Platforms.Build.0 = Release|x86
		{F2F2B3E2-34B2-4BF2-8FF4-7E1E9AE0B734}.Release|Mixed Platforms.Deploy.0 = Release|x86
		{F2F2B3E2-34B2-4BF2-8FF4-7E1E9AE0B734}.Release|x86.ActiveCfg = Release|x86
		{F2F2B3E2-34B2-4BF2-8FF4-7E1E9AE0B734}.Release|x86.Build.0 = Release|x86
		{F2F2B3E2-34B2-4BF2-8FF4-7E1E9AE0B734}.Release|x86.Deploy.0 = Release|x86
	EndGlobalSection
	GlobalSection(SolutionProperties) = preSolution
		HideSolutionNode = FALSE
	EndGlobalSection
EndGlobal
